
Microsoft Visual Studio Solution File, Format Version 12.00
# Visual Studio Version 16
VisualStudioVersion = 16.0.31729.503
MinimumVisualStudioVersion = 10.0.40219.1
Project("{FAE04EC0-301F-11D3-BF4B-00C04F79EFBC}") = "TodoUygulması", "TodoUygulması\TodoUygulması.csproj", "{A6EDFD76-26C6-4BD3-A7EC-692200D8B026}"
EndProject
Global
	GlobalSection(SolutionConfigurationPlatforms) = preSolution
		Debug|Any CPU = Debug|Any CPU
		Release|Any CPU = Release|Any CPU
	EndGlobalSection
	GlobalSection(ProjectConfigurationPlatforms) = postSolution
		{A6EDFD76-26C6-4BD3-A7EC-692200D8B026}.Debug|Any CPU.ActiveCfg = Debug|Any CPU
		{A6EDFD76-26C6-4BD3-A7EC-692200D8B026}.Debug|Any CPU.Build.0 = Debug|Any CPU
		{A6EDFD76-26C6-4BD3-A7EC-692200D8B026}.Release|Any CPU.ActiveCfg = Release|Any CPU
		{A6EDFD76-26C6-4BD3-A7EC-692200D8B026}.Release|Any CPU.Build.0 = Release|Any CPU
	EndGlobalSection
	GlobalSection(SolutionProperties) = preSolution
		HideSolutionNode = FALSE
	EndGlobalSection
	GlobalSection(ExtensibilityGlobals) = postSolution
		SolutionGuid = {FBE0611F-4584-4E92-AADA-CFB4E4BEA4F2}
	EndGlobalSection
EndGlobal
